{
  "name": "pioneer",
  "version": "0.1.0",
  "lockfileVersion": 1,
  "requires": true,
  "dependencies": {
    "node": {
      "version": "19.1.0",
      "resolved": "https://registry.npmjs.org/node/-/node-19.1.0.tgz",
      "integrity": "sha512-jaapnpByf4TIkX3VayaDYSNycqNyarF+tiSYFOF/O6QsTJwGH+aYEPdp71QQn49zHtO2BTQVr7wtqsvRerzfGg==",
      "requires": {
        "node-bin-setup": "^1.0.0"
      }
    },
    "node-bin-setup": {
      "version": "1.1.3",
      "resolved": "https://registry.npmjs.org/node-bin-setup/-/node-bin-setup-1.1.3.tgz",
      "integrity": "sha512-opgw9iSCAzT2+6wJOETCpeRYAQxSopqQ2z+N6BXwIMsQQ7Zj5M8MaafQY8JMlolRR6R1UXg2WmhKp0p9lSOivg=="
    }
  }
}
